
Microsoft Visual Studio Solution File, Format Version 12.00
# Visual Studio Version 17
VisualStudioVersion = 17.0.31903.59
MinimumVisualStudioVersion = 10.0.40219.1
Project("{FAE04EC0-301F-11D3-BF4B-00C04F79EFBC}") = "ProductosPrueba.API", "ProductosPrueba.API\ProductosPrueba.API.csproj", "{70C8DADA-7FE3-4C1B-9F06-4C1168E3C341}"
EndProject
Project("{FAE04EC0-301F-11D3-BF4B-00C04F79EFBC}") = "Transacciones.API", "Transacciones.API\Transacciones.API.csproj", "{778E3019-33AC-4BA6-AF4B-67A71AD598FC}"
EndProject
Global
	GlobalSection(SolutionConfigurationPlatforms) = preSolution
		Debug|Any CPU = Debug|Any CPU
		Release|Any CPU = Release|Any CPU
	EndGlobalSection
	GlobalSection(SolutionProperties) = preSolution
		HideSolutionNode = FALSE
	EndGlobalSection
	GlobalSection(ProjectConfigurationPlatforms) = postSolution
		{70C8DADA-7FE3-4C1B-9F06-4C1168E3C341}.Debug|Any CPU.ActiveCfg = Debug|Any CPU
		{70C8DADA-7FE3-4C1B-9F06-4C1168E3C341}.Debug|Any CPU.Build.0 = Debug|Any CPU
		{70C8DADA-7FE3-4C1B-9F06-4C1168E3C341}.Release|Any CPU.ActiveCfg = Release|Any CPU
		{70C8DADA-7FE3-4C1B-9F06-4C1168E3C341}.Release|Any CPU.Build.0 = Release|Any CPU
		{778E3019-33AC-4BA6-AF4B-67A71AD598FC}.Debug|Any CPU.ActiveCfg = Debug|Any CPU
		{778E3019-33AC-4BA6-AF4B-67A71AD598FC}.Debug|Any CPU.Build.0 = Debug|Any CPU
		{778E3019-33AC-4BA6-AF4B-67A71AD598FC}.Release|Any CPU.ActiveCfg = Release|Any CPU
		{778E3019-33AC-4BA6-AF4B-67A71AD598FC}.Release|Any CPU.Build.0 = Release|Any CPU
	EndGlobalSection
EndGlobal
